
Microsoft Visual Studio Solution File, Format Version 12.00
# Visual Studio Version 16
VisualStudioVersion = 16.0.29123.88
MinimumVisualStudioVersion = 10.0.40219.1
Project("{FAE04EC0-301F-11D3-BF4B-00C04F79EFBC}") = "Cw1", "Cw1.csproj", "{EB1E8DA2-2820-4063-8982-9D5559572DAA}"
EndProject
Global
	GlobalSection(SolutionConfigurationPlatforms) = preSolution
		Debug|Any CPU = Debug|Any CPU
		Release|Any CPU = Release|Any CPU
	EndGlobalSection
	GlobalSection(ProjectConfigurationPlatforms) = postSolution
		{EB1E8DA2-2820-4063-8982-9D5559572DAA}.Debug|Any CPU.ActiveCfg = Debug|Any CPU
		{EB1E8DA2-2820-4063-8982-9D5559572DAA}.Debug|Any CPU.Build.0 = Debug|Any CPU
		{EB1E8DA2-2820-4063-8982-9D5559572DAA}.Release|Any CPU.ActiveCfg = Release|Any CPU
		{EB1E8DA2-2820-4063-8982-9D5559572DAA}.Release|Any CPU.Build.0 = Release|Any CPU
	EndGlobalSection
	GlobalSection(SolutionProperties) = preSolution
		HideSolutionNode = FALSE
	EndGlobalSection
	GlobalSection(ExtensibilityGlobals) = postSolution
		SolutionGuid = {409B957D-7B36-4506-AB91-3DEEC54E1B65}
	EndGlobalSection
EndGlobal
